// !$*UTF8*$!
{
	archiveVersion = 1;
	classes = {
	};
	objectVersion = 50;
	objects = {

/* Begin PBXBuildFile section */
		9982AA8524279E5000C1E822 /* AppDelegate.swift in Sources */ = {isa = PBXBuildFile; fileRef = 9982AA8424279E5000C1E822 /* AppDelegate.swift */; };
		9982AA8724279E5000C1E822 /* SceneDelegate.swift in Sources */ = {isa = PBXBuildFile; fileRef = 9982AA8624279E5000C1E822 /* SceneDelegate.swift */; };
		9982AA8C24279E5000C1E822 /* Main.storyboard in Resources */ = {isa = PBXBuildFile; fileRef = 9982AA8A24279E5000C1E822 /* Main.storyboard */; };
		9982AA8E24279E5000C1E822 /* Assets.xcassets in Resources */ = {isa = PBXBuildFile; fileRef = 9982AA8D24279E5000C1E822 /* Assets.xcassets */; };
		9982AA9124279E5000C1E822 /* LaunchScreen.storyboard in Resources */ = {isa = PBXBuildFile; fileRef = 9982AA8F24279E5000C1E822 /* LaunchScreen.storyboard */; };
		9982AA9C24279E5000C1E822 /* HomepwnerTests.swift in Sources */ = {isa = PBXBuildFile; fileRef = 9982AA9B24279E5000C1E822 /* HomepwnerTests.swift */; };
		9982AAA724279E5000C1E822 /* HomepwnerUITests.swift in Sources */ = {isa = PBXBuildFile; fileRef = 9982AAA624279E5000C1E822 /* HomepwnerUITests.swift */; };
		9982AAB52427B70900C1E822 /* ItemsViewController.swift in Sources */ = {isa = PBXBuildFile; fileRef = 9982AAB42427B70900C1E822 /* ItemsViewController.swift */; };
		9982AAB72427B8E300C1E822 /* Item.swift in Sources */ = {isa = PBXBuildFile; fileRef = 9982AAB62427B8E300C1E822 /* Item.swift */; };
		9982AAB92427C05300C1E822 /* ItemStore.swift in Sources */ = {isa = PBXBuildFile; fileRef = 9982AAB82427C05300C1E822 /* ItemStore.swift */; };
/* End PBXBuildFile section */

/* Begin PBXContainerItemProxy section */
		9982AA9824279E5000C1E822 /* PBXContainerItemProxy */ = {
			isa = PBXContainerItemProxy;
			containerPortal = 9982AA7924279E5000C1E822 /* Project object */;
			proxyType = 1;
			remoteGlobalIDString = 9982AA8024279E5000C1E822;
			remoteInfo = Homepwner;
		};
		9982AAA324279E5000C1E822 /* PBXContainerItemProxy */ = {
			isa = PBXContainerItemProxy;
			containerPortal = 9982AA7924279E5000C1E822 /* Project object */;
			proxyType = 1;
			remoteGlobalIDString = 9982AA8024279E5000C1E822;
			remoteInfo = Homepwner;
		};
/* End PBXContainerItemProxy section */

/* Begin PBXFileReference section */
		9982AA8124279E5000C1E822 /* Homepwner.app */ = {isa = PBXFileReference; explicitFileType = wrapper.application; includeInIndex = 0; path = Homepwner.app; sourceTree = BUILT_PRODUCTS_DIR; };
		9982AA8424279E5000C1E822 /* AppDelegate.swift */ = {isa = PBXFileReference; lastKnownFileType = sourcecode.swift; path = AppDelegate.swift; sourceTree = "<group>"; };
		9982AA8624279E5000C1E822 /* SceneDelegate.swift */ = {isa = PBXFileReference; lastKnownFileType = sourcecode.swift; path = SceneDelegate.swift; sourceTree = "<group>"; };
		9982AA8B24279E5000C1E822 /* Base */ = {isa = PBXFileReference; lastKnownFileType = file.storyboard; name = Base; path = Base.lproj/Main.storyboard; sourceTree = "<group>"; };
		9982AA8D24279E5000C1E822 /* Assets.xcassets */ = {isa = PBXFileReference; lastKnownFileType = folder.assetcatalog; path = Assets.xcassets; sourceTree = "<group>"; };
		9982AA9024279E5000C1E822 /* Base */ = {isa = PBXFileReference; lastKnownFileType = file.storyboard; name = Base; path = Base.lproj/LaunchScreen.storyboard; sourceTree = "<group>"; };
		9982AA9224279E5000C1E822 /* Info.plist */ = {isa = PBXFileReference; lastKnownFileType = text.plist.xml; path = Info.plist; sourceTree = "<group>"; };
		9982AA9724279E5000C1E822 /* HomepwnerTests.xctest */ = {isa = PBXFileReference; explicitFileType = wrapper.cfbundle; includeInIndex = 0; path = HomepwnerTests.xctest; sourceTree = BUILT_PRODUCTS_DIR; };
		9982AA9B24279E5000C1E822 /* HomepwnerTests.swift */ = {isa = PBXFileReference; lastKnownFileType = sourcecode.swift; path = HomepwnerTests.swift; sourceTree = "<group>"; };
		9982AA9D24279E5000C1E822 /* Info.plist */ = {isa = PBXFileReference; lastKnownFileType = text.plist.xml; path = Info.plist; sourceTree = "<group>"; };
		9982AAA224279E5000C1E822 /* HomepwnerUITests.xctest */ = {isa = PBXFileReference; explicitFileType = wrapper.cfbundle; includeInIndex = 0; path = HomepwnerUITests.xctest; sourceTree = BUILT_PRODUCTS_DIR; };
		9982AAA624279E5000C1E822 /* HomepwnerUITests.swift */ = {isa = PBXFileReference; lastKnownFileType = sourcecode.swift; path = HomepwnerUITests.swift; sourceTree = "<group>"; };
		9982AAA824279E5000C1E822 /* Info.plist */ = {isa = PBXFileReference; lastKnownFileType = text.plist.xml; path = Info.plist; sourceTree = "<group>"; };
		9982AAB42427B70900C1E822 /* ItemsViewController.swift */ = {isa = PBXFileReference; lastKnownFileType = sourcecode.swift; path = ItemsViewController.swift; sourceTree = "<group>"; };
		9982AAB62427B8E300C1E822 /* Item.swift */ = {isa = PBXFileReference; lastKnownFileType = sourcecode.swift; path = Item.swift; sourceTree = "<group>"; };
		9982AAB82427C05300C1E822 /* ItemStore.swift */ = {isa = PBXFileReference; lastKnownFileType = sourcecode.swift; path = ItemStore.swift; sourceTree = "<group>"; };
/* End PBXFileReference section */

/* Begin PBXFrameworksBuildPhase section */
		9982AA7E24279E5000C1E822 /* Frameworks */ = {
			isa = PBXFrameworksBuildPhase;
			buildActionMask = 2147483647;
			files = (
			);
			runOnlyForDeploymentPostprocessing = 0;
		};
		9982AA9424279E5000C1E822 /* Frameworks */ = {
			isa = PBXFrameworksBuildPhase;
			buildActionMask = 2147483647;
			files = (
			);
			runOnlyForDeploymentPostprocessing = 0;
		};
		9982AA9F24279E5000C1E822 /* Frameworks */ = {
			isa = PBXFrameworksBuildPhase;
			buildActionMask = 2147483647;
			files = (
			);
			runOnlyForDeploymentPostprocessing = 0;
		};
/* End PBXFrameworksBuildPhase section */

/* Begin PBXGroup section */
		9982AA7824279E5000C1E822 = {
			isa = PBXGroup;
			children = (
				9982AA8324279E5000C1E822 /* Homepwner */,
				9982AA9A24279E5000C1E822 /* HomepwnerTests */,
				9982AAA524279E5000C1E822 /* HomepwnerUITests */,
				9982AA8224279E5000C1E822 /* Products */,
			);
			sourceTree = "<group>";
		};
		9982AA8224279E5000C1E822 /* Products */ = {
			isa = PBXGroup;
			children = (
				9982AA8124279E5000C1E822 /* Homepwner.app */,
				9982AA9724279E5000C1E822 /* HomepwnerTests.xctest */,
				9982AAA224279E5000C1E822 /* HomepwnerUITests.xctest */,
			);
			name = Products;
			sourceTree = "<group>";
		};
		9982AA8324279E5000C1E822 /* Homepwner */ = {
			isa = PBXGroup;
			children = (
				9982AA8424279E5000C1E822 /* AppDelegate.swift */,
				9982AA8624279E5000C1E822 /* SceneDelegate.swift */,
				9982AA8A24279E5000C1E822 /* Main.storyboard */,
				9982AA8D24279E5000C1E822 /* Assets.xcassets */,
				9982AA8F24279E5000C1E822 /* LaunchScreen.storyboard */,
				9982AA9224279E5000C1E822 /* Info.plist */,
				9982AAB42427B70900C1E822 /* ItemsViewController.swift */,
				9982AAB62427B8E300C1E822 /* Item.swift */,
				9982AAB82427C05300C1E822 /* ItemStore.swift */,
			);
			path = Homepwner;
			sourceTree = "<group>";
		};
		9982AA9A24279E5000C1E822 /* HomepwnerTests */ = {
			isa = PBXGroup;
			children = (
				9982AA9B24279E5000C1E822 /* HomepwnerTests.swift */,
				9982AA9D24279E5000C1E822 /* Info.plist */,
			);
			path = HomepwnerTests;
			sourceTree = "<group>";
		};
		9982AAA524279E5000C1E822 /* HomepwnerUITests */ = {
			isa = PBXGroup;
			children = (
				9982AAA624279E5000C1E822 /* HomepwnerUITests.swift */,
				9982AAA824279E5000C1E822 /* Info.plist */,
			);
			path = HomepwnerUITests;
			sourceTree = "<group>";
		};
/* End PBXGroup section */

/* Begin PBXNativeTarget section */
		9982AA8024279E5000C1E822 /* Homepwner */ = {
			isa = PBXNativeTarget;
			buildConfigurationList = 9982AAAB24279E5000C1E822 /* Build configuration list for PBXNativeTarget "Homepwner" */;
			buildPhases = (
				9982AA7D24279E5000C1E822 /* Sources */,
				9982AA7E24279E5000C1E822 /* Frameworks */,
				9982AA7F24279E5000C1E822 /* Resources */,
			);
			buildRules = (
			);
			dependencies = (
			);
			name = Homepwner;
			productName = Homepwner;
			productReference = 9982AA8124279E5000C1E822 /* Homepwner.app */;
			productType = "com.apple.product-type.application";
		};
		9982AA9624279E5000C1E822 /* HomepwnerTests */ = {
			isa = PBXNativeTarget;
			buildConfigurationList = 9982AAAE24279E5000C1E822 /* Build configuration list for PBXNativeTarget "HomepwnerTests" */;
			buildPhases = (
				9982AA9324279E5000C1E822 /* Sources */,
				9982AA9424279E5000C1E822 /* Frameworks */,
				9982AA9524279E5000C1E822 /* Resources */,
			);
			buildRules = (
			);
			dependencies = (
				9982AA9924279E5000C1E822 /* PBXTargetDependency */,
			);
			name = HomepwnerTests;
			productName = HomepwnerTests;
			productReference = 9982AA9724279E5000C1E822 /* HomepwnerTests.xctest */;
			productType = "com.apple.product-type.bundle.unit-test";
		};
		9982AAA124279E5000C1E822 /* HomepwnerUITests */ = {
			isa = PBXNativeTarget;
			buildConfigurationList = 9982AAB124279E5000C1E822 /* Build configuration list for PBXNativeTarget "HomepwnerUITests" */;
			buildPhases = (
				9982AA9E24279E5000C1E822 /* Sources */,
				9982AA9F24279E5000C1E822 /* Frameworks */,
				9982AAA024279E5000C1E822 /* Resources */,
			);
			buildRules = (
			);
			dependencies = (
				9982AAA424279E5000C1E822 /* PBXTargetDependency */,
			);
			name = HomepwnerUITests;
			productName = HomepwnerUITests;
			productReference = 9982AAA224279E5000C1E822 /* HomepwnerUITests.xctest */;
			productType = "com.apple.product-type.bundle.ui-testing";
		};
/* End PBXNativeTarget section */

/* Begin PBXProject section */
		9982AA7924279E5000C1E822 /* Project object */ = {
			isa = PBXProject;
			attributes = {
				LastSwiftUpdateCheck = 1130;
				LastUpgradeCheck = 1130;
				ORGANIZATIONNAME = "Vladislav Tarasevich";
				TargetAttributes = {
					9982AA8024279E5000C1E822 = {
						CreatedOnToolsVersion = 11.3;
					};
					9982AA9624279E5000C1E822 = {
						CreatedOnToolsVersion = 11.3;
						TestTargetID = 9982AA8024279E5000C1E822;
					};
					9982AAA124279E5000C1E822 = {
						CreatedOnToolsVersion = 11.3;
						TestTargetID = 9982AA8024279E5000C1E822;
					};
				};
			};
			buildConfigurationList = 9982AA7C24279E5000C1E822 /* Build configuration list for PBXProject "Homepwner" */;
			compatibilityVersion = "Xcode 9.3";
			developmentRegion = en;
			hasScannedForEncodings = 0;
			knownRegions = (
				en,
				Base,
			);
			mainGroup = 9982AA7824279E5000C1E822;
			productRefGroup = 9982AA8224279E5000C1E822 /* Products */;
			projectDirPath = "";
			projectRoot = "";
			targets = (
				9982AA8024279E5000C1E822 /* Homepwner */,
				9982AA9624279E5000C1E822 /* HomepwnerTests */,
				9982AAA124279E5000C1E822 /* HomepwnerUITests */,
			);
		};
/* End PBXProject section */

/* Begin PBXResourcesBuildPhase section */
		9982AA7F24279E5000C1E822 /* Resources */ = {
			isa = PBXResourcesBuildPhase;
			buildActionMask = 2147483647;
			files = (
				9982AA9124279E5000C1E822 /* LaunchScreen.storyboard in Resources */,
				9982AA8E24279E5000C1E822 /* Assets.xcassets in Resources */,
				9982AA8C24279E5000C1E822 /* Main.storyboard in Resources */,
			);
			runOnlyForDeploymentPostprocessing = 0;
		};
		9982AA9524279E5000C1E822 /* Resources */ = {
			isa = PBXResourcesBuildPhase;
			buildActionMask = 2147483647;
			files = (
			);
			runOnlyForDeploymentPostprocessing = 0;
		};
		9982AAA024279E5000C1E822 /* Resources */ = {
			isa = PBXResourcesBuildPhase;
			buildActionMask = 2147483647;
			files = (
			);
			runOnlyForDeploymentPostprocessing = 0;
		};
/* End PBXResourcesBuildPhase section */

/* Begin PBXSourcesBuildPhase section */
		9982AA7D24279E5000C1E822 /* Sources */ = {
			isa = PBXSourcesBuildPhase;
			buildActionMask = 2147483647;
			files = (
				9982AAB72427B8E300C1E822 /* Item.swift in Sources */,
				9982AAB52427B70900C1E822 /* ItemsViewController.swift in Sources */,
				9982AA8524279E5000C1E822 /* AppDelegate.swift in Sources */,
				9982AAB92427C05300C1E822 /* ItemStore.swift in Sources */,
				9982AA8724279E5000C1E822 /* SceneDelegate.swift in Sources */,
			);
			runOnlyForDeploymentPostprocessing = 0;
		};
		9982AA9324279E5000C1E822 /* Sources */ = {
			isa = PBXSourcesBuildPhase;
			buildActionMask = 2147483647;
			files = (
				9982AA9C24279E5000C1E822 /* HomepwnerTests.swift in Sources */,
			);
			runOnlyForDeploymentPostprocessing = 0;
		};
		9982AA9E24279E5000C1E822 /* Sources */ = {
			isa = PBXSourcesBuildPhase;
			buildActionMask = 2147483647;
			files = (
				9982AAA724279E5000C1E822 /* HomepwnerUITests.swift in Sources */,
			);
			runOnlyForDeploymentPostprocessing = 0;
		};
/* End PBXSourcesBuildPhase section */

/* Begin PBXTargetDependency section */
		9982AA9924279E5000C1E822 /* PBXTargetDependency */ = {
			isa = PBXTargetDependency;
			target = 9982AA8024279E5000C1E822 /* Homepwner */;
			targetProxy = 9982AA9824279E5000C1E822 /* PBXContainerItemProxy */;
		};
		9982AAA424279E5000C1E822 /* PBXTargetDependency */ = {
			isa = PBXTargetDependency;
			target = 9982AA8024279E5000C1E822 /* Homepwner */;
			targetProxy = 9982AAA324279E5000C1E822 /* PBXContainerItemProxy */;
		};
/* End PBXTargetDependency section */

/* Begin PBXVariantGroup section */
		9982AA8A24279E5000C1E822 /* Main.storyboard */ = {
			isa = PBXVariantGroup;
			children = (
				9982AA8B24279E5000C1E822 /* Base */,
			);
			name = Main.storyboard;
			sourceTree = "<group>";
		};
		9982AA8F24279E5000C1E822 /* LaunchScreen.storyboard */ = {
			isa = PBXVariantGroup;
			children = (
				9982AA9024279E5000C1E822 /* Base */,
			);
			name = LaunchScreen.storyboard;
			sourceTree = "<group>";
		};
/* End PBXVariantGroup section */

/* Begin XCBuildConfiguration section */
		9982AAA924279E5000C1E822 /* Debug */ = {
			isa = XCBuildConfiguration;
			buildSettings = {
				ALWAYS_SEARCH_USER_PATHS = NO;
				CLANG_ANALYZER_NONNULL = YES;
				CLANG_ANALYZER_NUMBER_OBJECT_CONVERSION = YES_AGGRESSIVE;
				CLANG_CXX_LANGUAGE_STANDARD = "gnu++14";
				CLANG_CXX_LIBRARY = "libc++";
				CLANG_ENABLE_MODULES = YES;
				CLANG_ENABLE_OBJC_ARC = YES;
				CLANG_ENABLE_OBJC_WEAK = YES;
				CLANG_WARN_BLOCK_CAPTURE_AUTORELEASING = YES;
				CLANG_WARN_BOOL_CONVERSION = YES;
				CLANG_WARN_COMMA = YES;
				CLANG_WARN_CONSTANT_CONVERSION = YES;
				CLANG_WARN_DEPRECATED_OBJC_IMPLEMENTATIONS = YES;
				CLANG_WARN_DIRECT_OBJC_ISA_USAGE = YES_ERROR;
				CLANG_WARN_DOCUMENTATION_COMMENTS = YES;
				CLANG_WARN_EMPTY_BODY = YES;
				CLANG_WARN_ENUM_CONVERSION = YES;
				CLANG_WARN_INFINITE_RECURSION = YES;
				CLANG_WARN_INT_CONVERSION = YES;
				CLANG_WARN_NON_LITERAL_NULL_CONVERSION = YES;
				CLANG_WARN_OBJC_IMPLICIT_RETAIN_SELF = YES;
				CLANG_WARN_OBJC_LITERAL_CONVERSION = YES;
				CLANG_WARN_OBJC_ROOT_CLASS = YES_ERROR;
				CLANG_WARN_RANGE_LOOP_ANALYSIS = YES;
				CLANG_WARN_STRICT_PROTOTYPES = YES;
				CLANG_WARN_SUSPICIOUS_MOVE = YES;
				CLANG_WARN_UNGUARDED_AVAILABILITY = YES_AGGRESSIVE;
				CLANG_WARN_UNREACHABLE_CODE = YES;
				CLANG_WARN__DUPLICATE_METHOD_MATCH = YES;
				COPY_PHASE_STRIP = NO;
				DEBUG_INFORMATION_FORMAT = dwarf;
				ENABLE_STRICT_OBJC_MSGSEND = YES;
				ENABLE_TESTABILITY = YES;
				GCC_C_LANGUAGE_STANDARD = gnu11;
				GCC_DYNAMIC_NO_PIC = NO;
				GCC_NO_COMMON_BLOCKS = YES;
				GCC_OPTIMIZATION_LEVEL = 0;
				GCC_PREPROCESSOR_DEFINITIONS = (
					"DEBUG=1",
					"$(inherited)",
				);
				GCC_WARN_64_TO_32_BIT_CONVERSION = YES;
				GCC_WARN_ABOUT_RETURN_TYPE = YES_ERROR;
				GCC_WARN_UNDECLARED_SELECTOR = YES;
				GCC_WARN_UNINITIALIZED_AUTOS = YES_AGGRESSIVE;
				GCC_WARN_UNUSED_FUNCTION = YES;
				GCC_WARN_UNUSED_VARIABLE = YES;
				IPHONEOS_DEPLOYMENT_TARGET = 13.2;
				MTL_ENABLE_DEBUG_INFO = INCLUDE_SOURCE;
				MTL_FAST_MATH = YES;
				ONLY_ACTIVE_ARCH = YES;
				SDKROOT = iphoneos;
				SWIFT_ACTIVE_COMPILATION_CONDITIONS = DEBUG;
				SWIFT_OPTIMIZATION_LEVEL = "-Onone";
			};
			name = Debug;
		};
		9982AAAA24279E5000C1E822 /* Release */ = {
			isa = XCBuildConfiguration;
			buildSettings = {
				ALWAYS_SEARCH_USER_PATHS = NO;
				CLANG_ANALYZER_NONNULL = YES;
				CLANG_ANALYZER_NUMBER_OBJECT_CONVERSION = YES_AGGRESSIVE;
				CLANG_CXX_LANGUAGE_STANDARD = "gnu++14";
				CLANG_CXX_LIBRARY = "libc++";
				CLANG_ENABLE_MODULES = YES;
				CLANG_ENABLE_OBJC_ARC = YES;
				CLANG_ENABLE_OBJC_WEAK = YES;
				CLANG_WARN_BLOCK_CAPTURE_AUTORELEASING = YES;
				CLANG_WARN_BOOL_CONVERSION = YES;
				CLANG_WARN_COMMA = YES;
				CLANG_WARN_CONSTANT_CONVERSION = YES;
				CLANG_WARN_DEPRECATED_OBJC_IMPLEMENTATIONS = YES;
				CLANG_WARN_DIRECT_OBJC_ISA_USAGE = YES_ERROR;
				CLANG_WARN_DOCUMENTATION_COMMENTS = YES;
				CLANG_WARN_EMPTY_BODY = YES;
				CLANG_WARN_ENUM_CONVERSION = YES;
				CLANG_WARN_INFINITE_RECURSION = YES;
				CLANG_WARN_INT_CONVERSION = YES;
				CLANG_WARN_NON_LITERAL_NULL_CONVERSION = YES;
				CLANG_WARN_OBJC_IMPLICIT_RETAIN_SELF = YES;
				CLANG_WARN_OBJC_LITERAL_CONVERSION = YES;
				CLANG_WARN_OBJC_ROOT_CLASS = YES_ERROR;
				CLANG_WARN_RANGE_LOOP_ANALYSIS = YES;
				CLANG_WARN_STRICT_PROTOTYPES = YES;
				CLANG_WARN_SUSPICIOUS_MOVE = YES;
				CLANG_WARN_UNGUARDED_AVAILABILITY = YES_AGGRESSIVE;
				CLANG_WARN_UNREACHABLE_CODE = YES;
				CLANG_WARN__DUPLICATE_METHOD_MATCH = YES;
				COPY_PHASE_STRIP = NO;
				DEBUG_INFORMATION_FORMAT = "dwarf-with-dsym";
				ENABLE_NS_ASSERTIONS = NO;
				ENABLE_STRICT_OBJC_MSGSEND = YES;
				GCC_C_LANGUAGE_STANDARD = gnu11;
				GCC_NO_COMMON_BLOCKS = YES;
				GCC_WARN_64_TO_32_BIT_CONVERSION = YES;
				GCC_WARN_ABOUT_RETURN_TYPE = YES_ERROR;
				GCC_WARN_UNDECLARED_SELECTOR = YES;
				GCC_WARN_UNINITIALIZED_AUTOS = YES_AGGRESSIVE;
				GCC_WARN_UNUSED_FUNCTION = YES;
				GCC_WARN_UNUSED_VARIABLE = YES;
				IPHONEOS_DEPLOYMENT_TARGET = 13.2;
				MTL_ENABLE_DEBUG_INFO = NO;
				MTL_FAST_MATH = YES;
				SDKROOT = iphoneos;
				SWIFT_COMPILATION_MODE = wholemodule;
				SWIFT_OPTIMIZATION_LEVEL = "-O";
				VALIDATE_PRODUCT = YES;
			};
			name = Release;
		};
		9982AAAC24279E5000C1E822 /* Debug */ = {
			isa = XCBuildConfiguration;
			buildSettings = {
				ASSETCATALOG_COMPILER_APPICON_NAME = AppIcon;
				CODE_SIGN_STYLE = Automatic;
				DEVELOPMENT_TEAM = ZPNFSD9RWC;
				INFOPLIST_FILE = Homepwner/Info.plist;
				LD_RUNPATH_SEARCH_PATHS = (
					"$(inherited)",
					"@executable_path/Frameworks",
				);
				PRODUCT_BUNDLE_IDENTIFIER = vstarasevich.Homepwner;
				PRODUCT_NAME = "$(TARGET_NAME)";
				SWIFT_VERSION = 5.0;
				TARGETED_DEVICE_FAMILY = "1,2";
			};
			name = Debug;
		};
		9982AAAD24279E5000C1E822 /* Release */ = {
			isa = XCBuildConfiguration;
			buildSettings = {
				ASSETCATALOG_COMPILER_APPICON_NAME = AppIcon;
				CODE_SIGN_STYLE = Automatic;
				DEVELOPMENT_TEAM = ZPNFSD9RWC;
				INFOPLIST_FILE = Homepwner/Info.plist;
				LD_RUNPATH_SEARCH_PATHS = (
					"$(inherited)",
					"@executable_path/Frameworks",
				);
				PRODUCT_BUNDLE_IDENTIFIER = vstarasevich.Homepwner;
				PRODUCT_NAME = "$(TARGET_NAME)";
				SWIFT_VERSION = 5.0;
				TARGETED_DEVICE_FAMILY = "1,2";
			};
			name = Release;
		};
		9982AAAF24279E5000C1E822 /* Debug */ = {
			isa = XCBuildConfiguration;
			buildSettings = {
				ALWAYS_EMBED_SWIFT_STANDARD_LIBRARIES = YES;
				BUNDLE_LOADER = "$(TEST_HOST)";
				CODE_SIGN_STYLE = Automatic;
				DEVELOPMENT_TEAM = ZPNFSD9RWC;
				INFOPLIST_FILE = HomepwnerTests/Info.plist;
				IPHONEOS_DEPLOYMENT_TARGET = 13.2;
				LD_RUNPATH_SEARCH_PATHS = (
					"$(inherited)",
					"@executable_path/Frameworks",
					"@loader_path/Frameworks",
				);
				PRODUCT_BUNDLE_IDENTIFIER = vstarasevich.HomepwnerTests;
				PRODUCT_NAME = "$(TARGET_NAME)";
				SWIFT_VERSION = 5.0;
				TARGETED_DEVICE_FAMILY = "1,2";
				TEST_HOST = "$(BUILT_PRODUCTS_DIR)/Homepwner.app/Homepwner";
			};
			name = Debug;
		};
		9982AAB024279E5000C1E822 /* Release */ = {
			isa = XCBuildConfiguration;
			buildSettings = {
				ALWAYS_EMBED_SWIFT_STANDARD_LIBRARIES = YES;
				BUNDLE_LOADER = "$(TEST_HOST)";
				CODE_SIGN_STYLE = Automatic;
				DEVELOPMENT_TEAM = ZPNFSD9RWC;
				INFOPLIST_FILE = HomepwnerTests/Info.plist;
				IPHONEOS_DEPLOYMENT_TARGET = 13.2;
				LD_RUNPATH_SEARCH_PATHS = (
					"$(inherited)",
					"@executable_path/Frameworks",
					"@loader_path/Frameworks",
				);
				PRODUCT_BUNDLE_IDENTIFIER = vstarasevich.HomepwnerTests;
				PRODUCT_NAME = "$(TARGET_NAME)";
				SWIFT_VERSION = 5.0;
				TARGETED_DEVICE_FAMILY = "1,2";
				TEST_HOST = "$(BUILT_PRODUCTS_DIR)/Homepwner.app/Homepwner";
			};
			name = Release;
		};
		9982AAB224279E5000C1E822 /* Debug */ = {
			isa = XCBuildConfiguration;
			buildSettings = {
				ALWAYS_EMBED_SWIFT_STANDARD_LIBRARIES = YES;
				CODE_SIGN_STYLE = Automatic;
				DEVELOPMENT_TEAM = ZPNFSD9RWC;
				INFOPLIST_FILE = HomepwnerUITests/Info.plist;
				LD_RUNPATH_SEARCH_PATHS = (
					"$(inherited)",
					"@executable_path/Frameworks",
					"@loader_path/Frameworks",
				);
				PRODUCT_BUNDLE_IDENTIFIER = vstarasevich.HomepwnerUITests;
				PRODUCT_NAME = "$(TARGET_NAME)";
				SWIFT_VERSION = 5.0;
				TARGETED_DEVICE_FAMILY = "1,2";
				TEST_TARGET_NAME = Homepwner;
			};
			name = Debug;
		};
		9982AAB324279E5000C1E822 /* Release */ = {
			isa = XCBuildConfiguration;
			buildSettings = {
				ALWAYS_EMBED_SWIFT_STANDARD_LIBRARIES = YES;
				CODE_SIGN_STYLE = Automatic;
				DEVELOPMENT_TEAM = ZPNFSD9RWC;
				INFOPLIST_FILE = HomepwnerUITests/Info.plist;
				LD_RUNPATH_SEARCH_PATHS = (
					"$(inherited)",
					"@executable_path/Frameworks",
					"@loader_path/Frameworks",
				);
				PRODUCT_BUNDLE_IDENTIFIER = vstarasevich.HomepwnerUITests;
				PRODUCT_NAME = "$(TARGET_NAME)";
				SWIFT_VERSION = 5.0;
				TARGETED_DEVICE_FAMILY = "1,2";
				TEST_TARGET_NAME = Homepwner;
			};
			name = Release;
		};
/* End XCBuildConfiguration section */

/* Begin XCConfigurationList section */
		9982AA7C24279E5000C1E822 /* Build configuration list for PBXProject "Homepwner" */ = {
			isa = XCConfigurationList;
			buildConfigurations = (
				9982AAA924279E5000C1E822 /* Debug */,
				9982AAAA24279E5000C1E822 /* Release */,
			);
			defaultConfigurationIsVisible = 0;
			defaultConfigurationName = Release;
		};
		9982AAAB24279E5000C1E822 /* Build configuration list for PBXNativeTarget "Homepwner" */ = {
			isa = XCConfigurationList;
			buildConfigurations = (
				9982AAAC24279E5000C1E822 /* Debug */,
				9982AAAD24279E5000C1E822 /* Release */,
			);
			defaultConfigurationIsVisible = 0;
			defaultConfigurationName = Release;
		};
		9982AAAE24279E5000C1E822 /* Build configuration list for PBXNativeTarget "HomepwnerTests" */ = {
			isa = XCConfigurationList;
			buildConfigurations = (
				9982AAAF24279E5000C1E822 /* Debug */,
				9982AAB024279E5000C1E822 /* Release */,
			);
			defaultConfigurationIsVisible = 0;
			defaultConfigurationName = Release;
		};
		9982AAB124279E5000C1E822 /* Build configuration list for PBXNativeTarget "HomepwnerUITests" */ = {
			isa = XCConfigurationList;
			buildConfigurations = (
				9982AAB224279E5000C1E822 /* Debug */,
				9982AAB324279E5000C1E822 /* Release */,
			);
			defaultConfigurationIsVisible = 0;
			defaultConfigurationName = Release;
		};
/* End XCConfigurationList section */
	};
	rootObject = 9982AA7924279E5000C1E822 /* Project object */;
}
