// !$*UTF8*$!
{
	archiveVersion = 1;
	classes = {
	};
	objectVersion = 50;
	objects = {

/* Begin PBXBuildFile section */
		9925D12C24423C0000381AFD /* AppDelegate.swift in Sources */ = {isa = PBXBuildFile; fileRef = 9925D12B24423C0000381AFD /* AppDelegate.swift */; };
		9925D12E24423C0000381AFD /* SceneDelegate.swift in Sources */ = {isa = PBXBuildFile; fileRef = 9925D12D24423C0000381AFD /* SceneDelegate.swift */; };
		9925D13324423C0100381AFD /* Main.storyboard in Resources */ = {isa = PBXBuildFile; fileRef = 9925D13124423C0100381AFD /* Main.storyboard */; };
		9925D13524423C0300381AFD /* Assets.xcassets in Resources */ = {isa = PBXBuildFile; fileRef = 9925D13424423C0300381AFD /* Assets.xcassets */; };
		9925D13824423C0300381AFD /* LaunchScreen.storyboard in Resources */ = {isa = PBXBuildFile; fileRef = 9925D13624423C0300381AFD /* LaunchScreen.storyboard */; };
		9925D1482442493F00381AFD /* PhotosViewController.swift in Sources */ = {isa = PBXBuildFile; fileRef = 9925D1472442493F00381AFD /* PhotosViewController.swift */; };
		9925D14A24424E5200381AFD /* FlickrAPI.swift in Sources */ = {isa = PBXBuildFile; fileRef = 9925D14924424E5200381AFD /* FlickrAPI.swift */; };
		9925D14D2442547500381AFD /* Helpers.swift in Sources */ = {isa = PBXBuildFile; fileRef = 9925D14C2442547500381AFD /* Helpers.swift */; };
		9942DBDA2443B4C70055FE48 /* PhotoDataSource.swift in Sources */ = {isa = PBXBuildFile; fileRef = 9942DBD92443B4C70055FE48 /* PhotoDataSource.swift */; };
		9942DBDC2443B9A60055FE48 /* PhotoCollectionViewCell.swift in Sources */ = {isa = PBXBuildFile; fileRef = 9942DBDB2443B9A60055FE48 /* PhotoCollectionViewCell.swift */; };
		99437B5124548B1F00FAC6BD /* Photo+CoreDataProperties.swift in Sources */ = {isa = PBXBuildFile; fileRef = 99437B4F24548B1F00FAC6BD /* Photo+CoreDataProperties.swift */; };
		99437B5324548C4A00FAC6BD /* TagsViewController.swift in Sources */ = {isa = PBXBuildFile; fileRef = 99437B5224548C4A00FAC6BD /* TagsViewController.swift */; };
		99437B5524548D7700FAC6BD /* TagDataSource.swift in Sources */ = {isa = PBXBuildFile; fileRef = 99437B5424548D7700FAC6BD /* TagDataSource.swift */; };
		9967C575244B796800C3C4A9 /* ImageStore.swift in Sources */ = {isa = PBXBuildFile; fileRef = 9967C574244B796800C3C4A9 /* ImageStore.swift */; };
		9967C577244B7D0800C3C4A9 /* PhotoInfoViewController.swift in Sources */ = {isa = PBXBuildFile; fileRef = 9967C576244B7D0800C3C4A9 /* PhotoInfoViewController.swift */; };
		998E6DF3244315E100C4F80F /* Keys.swift in Sources */ = {isa = PBXBuildFile; fileRef = 998E6DF2244315E100C4F80F /* Keys.swift */; };
		998E6DF5244316DA00C4F80F /* Keys.plist in Resources */ = {isa = PBXBuildFile; fileRef = 998E6DF4244316DA00C4F80F /* Keys.plist */; };
		998E6DF72443379300C4F80F /* PhotoStore.swift in Sources */ = {isa = PBXBuildFile; fileRef = 998E6DF62443379300C4F80F /* PhotoStore.swift */; };
		99C23F5E244FA0EC00DBF366 /* Photorama.xcdatamodeld in Sources */ = {isa = PBXBuildFile; fileRef = 99C23F5C244FA0EC00DBF366 /* Photorama.xcdatamodeld */; };
		99C23FA1244FA6A800DBF366 /* Photo+CoreDataClass.swift in Sources */ = {isa = PBXBuildFile; fileRef = 99C23F9F244FA6A800DBF366 /* Photo+CoreDataClass.swift */; };
/* End PBXBuildFile section */

/* Begin PBXFileReference section */
		9925D12824423C0000381AFD /* Photorama.app */ = {isa = PBXFileReference; explicitFileType = wrapper.application; includeInIndex = 0; path = Photorama.app; sourceTree = BUILT_PRODUCTS_DIR; };
		9925D12B24423C0000381AFD /* AppDelegate.swift */ = {isa = PBXFileReference; lastKnownFileType = sourcecode.swift; path = AppDelegate.swift; sourceTree = "<group>"; };
		9925D12D24423C0000381AFD /* SceneDelegate.swift */ = {isa = PBXFileReference; lastKnownFileType = sourcecode.swift; path = SceneDelegate.swift; sourceTree = "<group>"; };
		9925D13224423C0100381AFD /* Base */ = {isa = PBXFileReference; lastKnownFileType = file.storyboard; name = Base; path = Base.lproj/Main.storyboard; sourceTree = "<group>"; };
		9925D13424423C0300381AFD /* Assets.xcassets */ = {isa = PBXFileReference; lastKnownFileType = folder.assetcatalog; path = Assets.xcassets; sourceTree = "<group>"; };
		9925D13724423C0300381AFD /* Base */ = {isa = PBXFileReference; lastKnownFileType = file.storyboard; name = Base; path = Base.lproj/LaunchScreen.storyboard; sourceTree = "<group>"; };
		9925D13924423C0300381AFD /* Info.plist */ = {isa = PBXFileReference; lastKnownFileType = text.plist.xml; path = Info.plist; sourceTree = "<group>"; };
		9925D1472442493F00381AFD /* PhotosViewController.swift */ = {isa = PBXFileReference; lastKnownFileType = sourcecode.swift; path = PhotosViewController.swift; sourceTree = "<group>"; };
		9925D14924424E5200381AFD /* FlickrAPI.swift */ = {isa = PBXFileReference; lastKnownFileType = sourcecode.swift; path = FlickrAPI.swift; sourceTree = "<group>"; };
		9925D14C2442547500381AFD /* Helpers.swift */ = {isa = PBXFileReference; fileEncoding = 4; lastKnownFileType = sourcecode.swift; path = Helpers.swift; sourceTree = "<group>"; };
		9942DBD92443B4C70055FE48 /* PhotoDataSource.swift */ = {isa = PBXFileReference; lastKnownFileType = sourcecode.swift; path = PhotoDataSource.swift; sourceTree = "<group>"; };
		9942DBDB2443B9A60055FE48 /* PhotoCollectionViewCell.swift */ = {isa = PBXFileReference; lastKnownFileType = sourcecode.swift; path = PhotoCollectionViewCell.swift; sourceTree = "<group>"; };
		99437B4F24548B1F00FAC6BD /* Photo+CoreDataProperties.swift */ = {isa = PBXFileReference; lastKnownFileType = sourcecode.swift; path = "Photo+CoreDataProperties.swift"; sourceTree = "<group>"; };
		99437B5224548C4A00FAC6BD /* TagsViewController.swift */ = {isa = PBXFileReference; lastKnownFileType = sourcecode.swift; path = TagsViewController.swift; sourceTree = "<group>"; };
		99437B5424548D7700FAC6BD /* TagDataSource.swift */ = {isa = PBXFileReference; lastKnownFileType = sourcecode.swift; path = TagDataSource.swift; sourceTree = "<group>"; };
		9967C574244B796800C3C4A9 /* ImageStore.swift */ = {isa = PBXFileReference; fileEncoding = 4; lastKnownFileType = sourcecode.swift; path = ImageStore.swift; sourceTree = "<group>"; };
		9967C576244B7D0800C3C4A9 /* PhotoInfoViewController.swift */ = {isa = PBXFileReference; lastKnownFileType = sourcecode.swift; path = PhotoInfoViewController.swift; sourceTree = "<group>"; };
		998E6DF2244315E100C4F80F /* Keys.swift */ = {isa = PBXFileReference; lastKnownFileType = sourcecode.swift; path = Keys.swift; sourceTree = "<group>"; };
		998E6DF4244316DA00C4F80F /* Keys.plist */ = {isa = PBXFileReference; lastKnownFileType = text.plist.xml; path = Keys.plist; sourceTree = "<group>"; };
		998E6DF62443379300C4F80F /* PhotoStore.swift */ = {isa = PBXFileReference; lastKnownFileType = sourcecode.swift; path = PhotoStore.swift; sourceTree = "<group>"; };
		99C23F5D244FA0EC00DBF366 /* Photorama.xcdatamodel */ = {isa = PBXFileReference; lastKnownFileType = wrapper.xcdatamodel; path = Photorama.xcdatamodel; sourceTree = "<group>"; };
		99C23F9F244FA6A800DBF366 /* Photo+CoreDataClass.swift */ = {isa = PBXFileReference; lastKnownFileType = sourcecode.swift; path = "Photo+CoreDataClass.swift"; sourceTree = "<group>"; };
/* End PBXFileReference section */

/* Begin PBXFrameworksBuildPhase section */
		9925D12524423C0000381AFD /* Frameworks */ = {
			isa = PBXFrameworksBuildPhase;
			buildActionMask = 2147483647;
			files = (
			);
			runOnlyForDeploymentPostprocessing = 0;
		};
/* End PBXFrameworksBuildPhase section */

/* Begin PBXGroup section */
		9925D11F24423C0000381AFD = {
			isa = PBXGroup;
			children = (
				9925D12A24423C0000381AFD /* Photorama */,
				9925D12924423C0000381AFD /* Products */,
			);
			sourceTree = "<group>";
		};
		9925D12924423C0000381AFD /* Products */ = {
			isa = PBXGroup;
			children = (
				9925D12824423C0000381AFD /* Photorama.app */,
			);
			name = Products;
			sourceTree = "<group>";
		};
		9925D12A24423C0000381AFD /* Photorama */ = {
			isa = PBXGroup;
			children = (
				9925D1432442424000381AFD /* Code */,
				9925D1442442424A00381AFD /* Resources */,
			);
			path = Photorama;
			sourceTree = "<group>";
		};
		9925D1432442424000381AFD /* Code */ = {
			isa = PBXGroup;
			children = (
				998E6DF824433FF500C4F80F /* BaseDelegates */,
				9925D1452442426600381AFD /* Storyboards */,
				9994FB8E244C4A6C0079A1BC /* Services */,
				9967C579244B7D2400C3C4A9 /* PhotoCollectionView */,
				9967C578244B7D0F00C3C4A9 /* API */,
				9925D14B2442546400381AFD /* Helpers */,
			);
			path = Code;
			sourceTree = "<group>";
		};
		9925D1442442424A00381AFD /* Resources */ = {
			isa = PBXGroup;
			children = (
				998E6DF4244316DA00C4F80F /* Keys.plist */,
				9925D13924423C0300381AFD /* Info.plist */,
				9925D13424423C0300381AFD /* Assets.xcassets */,
				99C23F5C244FA0EC00DBF366 /* Photorama.xcdatamodeld */,
			);
			path = Resources;
			sourceTree = "<group>";
		};
		9925D1452442426600381AFD /* Storyboards */ = {
			isa = PBXGroup;
			children = (
				9925D13624423C0300381AFD /* LaunchScreen.storyboard */,
				9925D13124423C0100381AFD /* Main.storyboard */,
			);
			path = Storyboards;
			sourceTree = "<group>";
		};
		9925D14B2442546400381AFD /* Helpers */ = {
			isa = PBXGroup;
			children = (
				9925D14C2442547500381AFD /* Helpers.swift */,
				998E6DF2244315E100C4F80F /* Keys.swift */,
			);
			path = Helpers;
			sourceTree = "<group>";
		};
		99437B5624549F9200FAC6BD /* Tags */ = {
			isa = PBXGroup;
			children = (
				99437B5224548C4A00FAC6BD /* TagsViewController.swift */,
				99437B5424548D7700FAC6BD /* TagDataSource.swift */,
			);
			path = Tags;
			sourceTree = "<group>";
		};
		9967C578244B7D0F00C3C4A9 /* API */ = {
			isa = PBXGroup;
			children = (
				9925D14924424E5200381AFD /* FlickrAPI.swift */,
			);
			path = API;
			sourceTree = "<group>";
		};
		9967C579244B7D2400C3C4A9 /* PhotoCollectionView */ = {
			isa = PBXGroup;
			children = (
				99C23FA3244FA6CA00DBF366 /* Photo+CoreData */,
				9967C57A244B7E1900C3C4A9 /* PhotoInfo */,
				9925D1472442493F00381AFD /* PhotosViewController.swift */,
				9942DBDB2443B9A60055FE48 /* PhotoCollectionViewCell.swift */,
				9942DBD92443B4C70055FE48 /* PhotoDataSource.swift */,
			);
			path = PhotoCollectionView;
			sourceTree = "<group>";
		};
		9967C57A244B7E1900C3C4A9 /* PhotoInfo */ = {
			isa = PBXGroup;
			children = (
				99437B5624549F9200FAC6BD /* Tags */,
				9967C576244B7D0800C3C4A9 /* PhotoInfoViewController.swift */,
			);
			path = PhotoInfo;
			sourceTree = "<group>";
		};
		998E6DF824433FF500C4F80F /* BaseDelegates */ = {
			isa = PBXGroup;
			children = (
				9925D12B24423C0000381AFD /* AppDelegate.swift */,
				9925D12D24423C0000381AFD /* SceneDelegate.swift */,
			);
			path = BaseDelegates;
			sourceTree = "<group>";
		};
		9994FB8E244C4A6C0079A1BC /* Services */ = {
			isa = PBXGroup;
			children = (
				9967C574244B796800C3C4A9 /* ImageStore.swift */,
				998E6DF62443379300C4F80F /* PhotoStore.swift */,
			);
			path = Services;
			sourceTree = "<group>";
		};
		99C23FA3244FA6CA00DBF366 /* Photo+CoreData */ = {
			isa = PBXGroup;
			children = (
				99C23F9F244FA6A800DBF366 /* Photo+CoreDataClass.swift */,
				99437B4F24548B1F00FAC6BD /* Photo+CoreDataProperties.swift */,
			);
			path = "Photo+CoreData";
			sourceTree = "<group>";
		};
/* End PBXGroup section */

/* Begin PBXNativeTarget section */
		9925D12724423C0000381AFD /* Photorama */ = {
			isa = PBXNativeTarget;
			buildConfigurationList = 9925D13C24423C0300381AFD /* Build configuration list for PBXNativeTarget "Photorama" */;
			buildPhases = (
				9925D1462442427900381AFD /* ShellScript */,
				9925D12424423C0000381AFD /* Sources */,
				9925D12524423C0000381AFD /* Frameworks */,
				9925D12624423C0000381AFD /* Resources */,
			);
			buildRules = (
			);
			dependencies = (
			);
			name = Photorama;
			productName = Photorama;
			productReference = 9925D12824423C0000381AFD /* Photorama.app */;
			productType = "com.apple.product-type.application";
		};
/* End PBXNativeTarget section */

/* Begin PBXProject section */
		9925D12024423C0000381AFD /* Project object */ = {
			isa = PBXProject;
			attributes = {
				LastSwiftUpdateCheck = 1130;
				LastUpgradeCheck = 1130;
				ORGANIZATIONNAME = "Vladislav Tarasevich";
				TargetAttributes = {
					9925D12724423C0000381AFD = {
						CreatedOnToolsVersion = 11.3;
					};
				};
			};
			buildConfigurationList = 9925D12324423C0000381AFD /* Build configuration list for PBXProject "Photorama" */;
			compatibilityVersion = "Xcode 9.3";
			developmentRegion = en;
			hasScannedForEncodings = 0;
			knownRegions = (
				en,
				Base,
			);
			mainGroup = 9925D11F24423C0000381AFD;
			productRefGroup = 9925D12924423C0000381AFD /* Products */;
			projectDirPath = "";
			projectRoot = "";
			targets = (
				9925D12724423C0000381AFD /* Photorama */,
			);
		};
/* End PBXProject section */

/* Begin PBXResourcesBuildPhase section */
		9925D12624423C0000381AFD /* Resources */ = {
			isa = PBXResourcesBuildPhase;
			buildActionMask = 2147483647;
			files = (
				998E6DF5244316DA00C4F80F /* Keys.plist in Resources */,
				9925D13824423C0300381AFD /* LaunchScreen.storyboard in Resources */,
				9925D13524423C0300381AFD /* Assets.xcassets in Resources */,
				9925D13324423C0100381AFD /* Main.storyboard in Resources */,
			);
			runOnlyForDeploymentPostprocessing = 0;
		};
/* End PBXResourcesBuildPhase section */

/* Begin PBXShellScriptBuildPhase section */
		9925D1462442427900381AFD /* ShellScript */ = {
			isa = PBXShellScriptBuildPhase;
			buildActionMask = 2147483647;
			files = (
			);
			inputFileListPaths = (
			);
			inputPaths = (
			);
			outputFileListPaths = (
			);
			outputPaths = (
			);
			runOnlyForDeploymentPostprocessing = 0;
			shellPath = /bin/sh;
			shellScript = "../Tools/SwiftLint/swiftlint lint --strict --config ../Tools/SwiftLint/config.yml\n";
		};
/* End PBXShellScriptBuildPhase section */

/* Begin PBXSourcesBuildPhase section */
		9925D12424423C0000381AFD /* Sources */ = {
			isa = PBXSourcesBuildPhase;
			buildActionMask = 2147483647;
			files = (
				9967C575244B796800C3C4A9 /* ImageStore.swift in Sources */,
				99C23FA1244FA6A800DBF366 /* Photo+CoreDataClass.swift in Sources */,
				99437B5324548C4A00FAC6BD /* TagsViewController.swift in Sources */,
				9942DBDA2443B4C70055FE48 /* PhotoDataSource.swift in Sources */,
				99437B5124548B1F00FAC6BD /* Photo+CoreDataProperties.swift in Sources */,
				99437B5524548D7700FAC6BD /* TagDataSource.swift in Sources */,
				9942DBDC2443B9A60055FE48 /* PhotoCollectionViewCell.swift in Sources */,
				9925D1482442493F00381AFD /* PhotosViewController.swift in Sources */,
				9967C577244B7D0800C3C4A9 /* PhotoInfoViewController.swift in Sources */,
				99C23F5E244FA0EC00DBF366 /* Photorama.xcdatamodeld in Sources */,
				998E6DF3244315E100C4F80F /* Keys.swift in Sources */,
				9925D14A24424E5200381AFD /* FlickrAPI.swift in Sources */,
				998E6DF72443379300C4F80F /* PhotoStore.swift in Sources */,
				9925D12C24423C0000381AFD /* AppDelegate.swift in Sources */,
				9925D14D2442547500381AFD /* Helpers.swift in Sources */,
				9925D12E24423C0000381AFD /* SceneDelegate.swift in Sources */,
			);
			runOnlyForDeploymentPostprocessing = 0;
		};
/* End PBXSourcesBuildPhase section */

/* Begin PBXVariantGroup section */
		9925D13124423C0100381AFD /* Main.storyboard */ = {
			isa = PBXVariantGroup;
			children = (
				9925D13224423C0100381AFD /* Base */,
			);
			name = Main.storyboard;
			sourceTree = "<group>";
		};
		9925D13624423C0300381AFD /* LaunchScreen.storyboard */ = {
			isa = PBXVariantGroup;
			children = (
				9925D13724423C0300381AFD /* Base */,
			);
			name = LaunchScreen.storyboard;
			sourceTree = "<group>";
		};
/* End PBXVariantGroup section */

/* Begin XCBuildConfiguration section */
		9925D13A24423C0300381AFD /* Debug */ = {
			isa = XCBuildConfiguration;
			buildSettings = {
				ALWAYS_SEARCH_USER_PATHS = NO;
				CLANG_ANALYZER_NONNULL = YES;
				CLANG_ANALYZER_NUMBER_OBJECT_CONVERSION = YES_AGGRESSIVE;
				CLANG_CXX_LANGUAGE_STANDARD = "gnu++14";
				CLANG_CXX_LIBRARY = "libc++";
				CLANG_ENABLE_MODULES = YES;
				CLANG_ENABLE_OBJC_ARC = YES;
				CLANG_ENABLE_OBJC_WEAK = YES;
				CLANG_WARN_BLOCK_CAPTURE_AUTORELEASING = YES;
				CLANG_WARN_BOOL_CONVERSION = YES;
				CLANG_WARN_COMMA = YES;
				CLANG_WARN_CONSTANT_CONVERSION = YES;
				CLANG_WARN_DEPRECATED_OBJC_IMPLEMENTATIONS = YES;
				CLANG_WARN_DIRECT_OBJC_ISA_USAGE = YES_ERROR;
				CLANG_WARN_DOCUMENTATION_COMMENTS = YES;
				CLANG_WARN_EMPTY_BODY = YES;
				CLANG_WARN_ENUM_CONVERSION = YES;
				CLANG_WARN_INFINITE_RECURSION = YES;
				CLANG_WARN_INT_CONVERSION = YES;
				CLANG_WARN_NON_LITERAL_NULL_CONVERSION = YES;
				CLANG_WARN_OBJC_IMPLICIT_RETAIN_SELF = YES;
				CLANG_WARN_OBJC_LITERAL_CONVERSION = YES;
				CLANG_WARN_OBJC_ROOT_CLASS = YES_ERROR;
				CLANG_WARN_RANGE_LOOP_ANALYSIS = YES;
				CLANG_WARN_STRICT_PROTOTYPES = YES;
				CLANG_WARN_SUSPICIOUS_MOVE = YES;
				CLANG_WARN_UNGUARDED_AVAILABILITY = YES_AGGRESSIVE;
				CLANG_WARN_UNREACHABLE_CODE = YES;
				CLANG_WARN__DUPLICATE_METHOD_MATCH = YES;
				COPY_PHASE_STRIP = NO;
				DEBUG_INFORMATION_FORMAT = dwarf;
				ENABLE_STRICT_OBJC_MSGSEND = YES;
				ENABLE_TESTABILITY = YES;
				GCC_C_LANGUAGE_STANDARD = gnu11;
				GCC_DYNAMIC_NO_PIC = NO;
				GCC_NO_COMMON_BLOCKS = YES;
				GCC_OPTIMIZATION_LEVEL = 0;
				GCC_PREPROCESSOR_DEFINITIONS = (
					"DEBUG=1",
					"$(inherited)",
				);
				GCC_WARN_64_TO_32_BIT_CONVERSION = YES;
				GCC_WARN_ABOUT_RETURN_TYPE = YES_ERROR;
				GCC_WARN_UNDECLARED_SELECTOR = YES;
				GCC_WARN_UNINITIALIZED_AUTOS = YES_AGGRESSIVE;
				GCC_WARN_UNUSED_FUNCTION = YES;
				GCC_WARN_UNUSED_VARIABLE = YES;
				IPHONEOS_DEPLOYMENT_TARGET = 13.2;
				MTL_ENABLE_DEBUG_INFO = INCLUDE_SOURCE;
				MTL_FAST_MATH = YES;
				ONLY_ACTIVE_ARCH = YES;
				SDKROOT = iphoneos;
				SWIFT_ACTIVE_COMPILATION_CONDITIONS = DEBUG;
				SWIFT_OPTIMIZATION_LEVEL = "-Onone";
			};
			name = Debug;
		};
		9925D13B24423C0300381AFD /* Release */ = {
			isa = XCBuildConfiguration;
			buildSettings = {
				ALWAYS_SEARCH_USER_PATHS = NO;
				CLANG_ANALYZER_NONNULL = YES;
				CLANG_ANALYZER_NUMBER_OBJECT_CONVERSION = YES_AGGRESSIVE;
				CLANG_CXX_LANGUAGE_STANDARD = "gnu++14";
				CLANG_CXX_LIBRARY = "libc++";
				CLANG_ENABLE_MODULES = YES;
				CLANG_ENABLE_OBJC_ARC = YES;
				CLANG_ENABLE_OBJC_WEAK = YES;
				CLANG_WARN_BLOCK_CAPTURE_AUTORELEASING = YES;
				CLANG_WARN_BOOL_CONVERSION = YES;
				CLANG_WARN_COMMA = YES;
				CLANG_WARN_CONSTANT_CONVERSION = YES;
				CLANG_WARN_DEPRECATED_OBJC_IMPLEMENTATIONS = YES;
				CLANG_WARN_DIRECT_OBJC_ISA_USAGE = YES_ERROR;
				CLANG_WARN_DOCUMENTATION_COMMENTS = YES;
				CLANG_WARN_EMPTY_BODY = YES;
				CLANG_WARN_ENUM_CONVERSION = YES;
				CLANG_WARN_INFINITE_RECURSION = YES;
				CLANG_WARN_INT_CONVERSION = YES;
				CLANG_WARN_NON_LITERAL_NULL_CONVERSION = YES;
				CLANG_WARN_OBJC_IMPLICIT_RETAIN_SELF = YES;
				CLANG_WARN_OBJC_LITERAL_CONVERSION = YES;
				CLANG_WARN_OBJC_ROOT_CLASS = YES_ERROR;
				CLANG_WARN_RANGE_LOOP_ANALYSIS = YES;
				CLANG_WARN_STRICT_PROTOTYPES = YES;
				CLANG_WARN_SUSPICIOUS_MOVE = YES;
				CLANG_WARN_UNGUARDED_AVAILABILITY = YES_AGGRESSIVE;
				CLANG_WARN_UNREACHABLE_CODE = YES;
				CLANG_WARN__DUPLICATE_METHOD_MATCH = YES;
				COPY_PHASE_STRIP = NO;
				DEBUG_INFORMATION_FORMAT = "dwarf-with-dsym";
				ENABLE_NS_ASSERTIONS = NO;
				ENABLE_STRICT_OBJC_MSGSEND = YES;
				GCC_C_LANGUAGE_STANDARD = gnu11;
				GCC_NO_COMMON_BLOCKS = YES;
				GCC_WARN_64_TO_32_BIT_CONVERSION = YES;
				GCC_WARN_ABOUT_RETURN_TYPE = YES_ERROR;
				GCC_WARN_UNDECLARED_SELECTOR = YES;
				GCC_WARN_UNINITIALIZED_AUTOS = YES_AGGRESSIVE;
				GCC_WARN_UNUSED_FUNCTION = YES;
				GCC_WARN_UNUSED_VARIABLE = YES;
				IPHONEOS_DEPLOYMENT_TARGET = 13.2;
				MTL_ENABLE_DEBUG_INFO = NO;
				MTL_FAST_MATH = YES;
				SDKROOT = iphoneos;
				SWIFT_COMPILATION_MODE = wholemodule;
				SWIFT_OPTIMIZATION_LEVEL = "-O";
				VALIDATE_PRODUCT = YES;
			};
			name = Release;
		};
		9925D13D24423C0300381AFD /* Debug */ = {
			isa = XCBuildConfiguration;
			buildSettings = {
				ASSETCATALOG_COMPILER_APPICON_NAME = AppIcon;
				CODE_SIGN_STYLE = Automatic;
				DEVELOPMENT_TEAM = ZPNFSD9RWC;
				INFOPLIST_FILE = Photorama/Resources/Info.plist;
				LD_RUNPATH_SEARCH_PATHS = (
					"$(inherited)",
					"@executable_path/Frameworks",
				);
				PRODUCT_BUNDLE_IDENTIFIER = vstarasevich.Photorama;
				PRODUCT_NAME = "$(TARGET_NAME)";
				SWIFT_VERSION = 5.0;
				TARGETED_DEVICE_FAMILY = "1,2";
			};
			name = Debug;
		};
		9925D13E24423C0300381AFD /* Release */ = {
			isa = XCBuildConfiguration;
			buildSettings = {
				ASSETCATALOG_COMPILER_APPICON_NAME = AppIcon;
				CODE_SIGN_STYLE = Automatic;
				DEVELOPMENT_TEAM = ZPNFSD9RWC;
				INFOPLIST_FILE = Photorama/Resources/Info.plist;
				LD_RUNPATH_SEARCH_PATHS = (
					"$(inherited)",
					"@executable_path/Frameworks",
				);
				PRODUCT_BUNDLE_IDENTIFIER = vstarasevich.Photorama;
				PRODUCT_NAME = "$(TARGET_NAME)";
				SWIFT_VERSION = 5.0;
				TARGETED_DEVICE_FAMILY = "1,2";
			};
			name = Release;
		};
/* End XCBuildConfiguration section */

/* Begin XCConfigurationList section */
		9925D12324423C0000381AFD /* Build configuration list for PBXProject "Photorama" */ = {
			isa = XCConfigurationList;
			buildConfigurations = (
				9925D13A24423C0300381AFD /* Debug */,
				9925D13B24423C0300381AFD /* Release */,
			);
			defaultConfigurationIsVisible = 0;
			defaultConfigurationName = Release;
		};
		9925D13C24423C0300381AFD /* Build configuration list for PBXNativeTarget "Photorama" */ = {
			isa = XCConfigurationList;
			buildConfigurations = (
				9925D13D24423C0300381AFD /* Debug */,
				9925D13E24423C0300381AFD /* Release */,
			);
			defaultConfigurationIsVisible = 0;
			defaultConfigurationName = Release;
		};
/* End XCConfigurationList section */

/* Begin XCVersionGroup section */
		99C23F5C244FA0EC00DBF366 /* Photorama.xcdatamodeld */ = {
			isa = XCVersionGroup;
			children = (
				99C23F5D244FA0EC00DBF366 /* Photorama.xcdatamodel */,
			);
			currentVersion = 99C23F5D244FA0EC00DBF366 /* Photorama.xcdatamodel */;
			path = Photorama.xcdatamodeld;
			sourceTree = "<group>";
			versionGroupType = wrapper.xcdatamodel;
		};
/* End XCVersionGroup section */
	};
	rootObject = 9925D12024423C0000381AFD /* Project object */;
}
