// !$*UTF8*$!
{
	archiveVersion = 1;
	classes = {
	};
	objectVersion = 50;
	objects = {

/* Begin PBXBuildFile section */
		9903A0B924350F86004DE58A /* Circle.swift in Sources */ = {isa = PBXBuildFile; fileRef = 9903A0B824350F86004DE58A /* Circle.swift */; };
		9903A0BD24352493004DE58A /* CGPoint.swift in Sources */ = {isa = PBXBuildFile; fileRef = 9903A0BC24352493004DE58A /* CGPoint.swift */; };
		993F63722432A1D300A7966C /* AppDelegate.swift in Sources */ = {isa = PBXBuildFile; fileRef = 993F63712432A1D300A7966C /* AppDelegate.swift */; };
		993F63742432A1D300A7966C /* SceneDelegate.swift in Sources */ = {isa = PBXBuildFile; fileRef = 993F63732432A1D300A7966C /* SceneDelegate.swift */; };
		993F63762432A1D300A7966C /* ViewController.swift in Sources */ = {isa = PBXBuildFile; fileRef = 993F63752432A1D300A7966C /* ViewController.swift */; };
		993F63792432A1D300A7966C /* Main.storyboard in Resources */ = {isa = PBXBuildFile; fileRef = 993F63772432A1D300A7966C /* Main.storyboard */; };
		993F637B2432A1D400A7966C /* Assets.xcassets in Resources */ = {isa = PBXBuildFile; fileRef = 993F637A2432A1D400A7966C /* Assets.xcassets */; };
		993F637E2432A1D400A7966C /* LaunchScreen.storyboard in Resources */ = {isa = PBXBuildFile; fileRef = 993F637C2432A1D400A7966C /* LaunchScreen.storyboard */; };
		993F638A2432A32D00A7966C /* Line.swift in Sources */ = {isa = PBXBuildFile; fileRef = 993F63892432A32D00A7966C /* Line.swift */; };
		993F638C2432A3F600A7966C /* DrawView.swift in Sources */ = {isa = PBXBuildFile; fileRef = 993F638B2432A3F600A7966C /* DrawView.swift */; };
		995EA8A82433CF930045701C /* Helpers.swift in Sources */ = {isa = PBXBuildFile; fileRef = 995EA8A72433CF930045701C /* Helpers.swift */; };
/* End PBXBuildFile section */

/* Begin PBXFileReference section */
		9903A0B824350F86004DE58A /* Circle.swift */ = {isa = PBXFileReference; lastKnownFileType = sourcecode.swift; path = Circle.swift; sourceTree = "<group>"; };
		9903A0BC24352493004DE58A /* CGPoint.swift */ = {isa = PBXFileReference; lastKnownFileType = sourcecode.swift; path = CGPoint.swift; sourceTree = "<group>"; };
		993F636E2432A1D300A7966C /* TouchTracker.app */ = {isa = PBXFileReference; explicitFileType = wrapper.application; includeInIndex = 0; path = TouchTracker.app; sourceTree = BUILT_PRODUCTS_DIR; };
		993F63712432A1D300A7966C /* AppDelegate.swift */ = {isa = PBXFileReference; lastKnownFileType = sourcecode.swift; path = AppDelegate.swift; sourceTree = "<group>"; };
		993F63732432A1D300A7966C /* SceneDelegate.swift */ = {isa = PBXFileReference; lastKnownFileType = sourcecode.swift; path = SceneDelegate.swift; sourceTree = "<group>"; };
		993F63752432A1D300A7966C /* ViewController.swift */ = {isa = PBXFileReference; lastKnownFileType = sourcecode.swift; path = ViewController.swift; sourceTree = "<group>"; };
		993F63782432A1D300A7966C /* Base */ = {isa = PBXFileReference; lastKnownFileType = file.storyboard; name = Base; path = Base.lproj/Main.storyboard; sourceTree = "<group>"; };
		993F637A2432A1D400A7966C /* Assets.xcassets */ = {isa = PBXFileReference; lastKnownFileType = folder.assetcatalog; path = Assets.xcassets; sourceTree = "<group>"; };
		993F637D2432A1D400A7966C /* Base */ = {isa = PBXFileReference; lastKnownFileType = file.storyboard; name = Base; path = Base.lproj/LaunchScreen.storyboard; sourceTree = "<group>"; };
		993F637F2432A1D400A7966C /* Info.plist */ = {isa = PBXFileReference; lastKnownFileType = text.plist.xml; path = Info.plist; sourceTree = "<group>"; };
		993F63892432A32D00A7966C /* Line.swift */ = {isa = PBXFileReference; lastKnownFileType = sourcecode.swift; path = Line.swift; sourceTree = "<group>"; };
		993F638B2432A3F600A7966C /* DrawView.swift */ = {isa = PBXFileReference; lastKnownFileType = sourcecode.swift; path = DrawView.swift; sourceTree = "<group>"; };
		995EA8A72433CF930045701C /* Helpers.swift */ = {isa = PBXFileReference; fileEncoding = 4; lastKnownFileType = sourcecode.swift; path = Helpers.swift; sourceTree = "<group>"; };
/* End PBXFileReference section */

/* Begin PBXFrameworksBuildPhase section */
		993F636B2432A1D300A7966C /* Frameworks */ = {
			isa = PBXFrameworksBuildPhase;
			buildActionMask = 2147483647;
			files = (
			);
			runOnlyForDeploymentPostprocessing = 0;
		};
/* End PBXFrameworksBuildPhase section */

/* Begin PBXGroup section */
		993F63652432A1D300A7966C = {
			isa = PBXGroup;
			children = (
				993F63702432A1D300A7966C /* TouchTracker */,
				993F636F2432A1D300A7966C /* Products */,
			);
			sourceTree = "<group>";
		};
		993F636F2432A1D300A7966C /* Products */ = {
			isa = PBXGroup;
			children = (
				993F636E2432A1D300A7966C /* TouchTracker.app */,
			);
			name = Products;
			sourceTree = "<group>";
		};
		993F63702432A1D300A7966C /* TouchTracker */ = {
			isa = PBXGroup;
			children = (
				993F63852432A20700A7966C /* Code */,
				993F63862432A20E00A7966C /* Resources */,
			);
			path = TouchTracker;
			sourceTree = "<group>";
		};
		993F63852432A20700A7966C /* Code */ = {
			isa = PBXGroup;
			children = (
				993F63882432A23B00A7966C /* Base */,
				993F63872432A22D00A7966C /* Storyboards */,
				993F63752432A1D300A7966C /* ViewController.swift */,
				9903A0BC24352493004DE58A /* CGPoint.swift */,
				993F63892432A32D00A7966C /* Line.swift */,
				9903A0B824350F86004DE58A /* Circle.swift */,
				993F638B2432A3F600A7966C /* DrawView.swift */,
				995EA8A72433CF930045701C /* Helpers.swift */,
			);
			path = Code;
			sourceTree = "<group>";
		};
		993F63862432A20E00A7966C /* Resources */ = {
			isa = PBXGroup;
			children = (
				993F637A2432A1D400A7966C /* Assets.xcassets */,
				993F637F2432A1D400A7966C /* Info.plist */,
			);
			path = Resources;
			sourceTree = "<group>";
		};
		993F63872432A22D00A7966C /* Storyboards */ = {
			isa = PBXGroup;
			children = (
				993F63772432A1D300A7966C /* Main.storyboard */,
				993F637C2432A1D400A7966C /* LaunchScreen.storyboard */,
			);
			path = Storyboards;
			sourceTree = "<group>";
		};
		993F63882432A23B00A7966C /* Base */ = {
			isa = PBXGroup;
			children = (
				993F63712432A1D300A7966C /* AppDelegate.swift */,
				993F63732432A1D300A7966C /* SceneDelegate.swift */,
			);
			path = Base;
			sourceTree = "<group>";
		};
/* End PBXGroup section */

/* Begin PBXNativeTarget section */
		993F636D2432A1D300A7966C /* TouchTracker */ = {
			isa = PBXNativeTarget;
			buildConfigurationList = 993F63822432A1D400A7966C /* Build configuration list for PBXNativeTarget "TouchTracker" */;
			buildPhases = (
				9925D11E2441F7B700381AFD /* ShellScript */,
				993F636A2432A1D300A7966C /* Sources */,
				993F636B2432A1D300A7966C /* Frameworks */,
				993F636C2432A1D300A7966C /* Resources */,
			);
			buildRules = (
			);
			dependencies = (
			);
			name = TouchTracker;
			productName = TouchTracker;
			productReference = 993F636E2432A1D300A7966C /* TouchTracker.app */;
			productType = "com.apple.product-type.application";
		};
/* End PBXNativeTarget section */

/* Begin PBXProject section */
		993F63662432A1D300A7966C /* Project object */ = {
			isa = PBXProject;
			attributes = {
				LastSwiftUpdateCheck = 1130;
				LastUpgradeCheck = 1130;
				ORGANIZATIONNAME = "Vladislav Tarasevich";
				TargetAttributes = {
					993F636D2432A1D300A7966C = {
						CreatedOnToolsVersion = 11.3;
					};
				};
			};
			buildConfigurationList = 993F63692432A1D300A7966C /* Build configuration list for PBXProject "TouchTracker" */;
			compatibilityVersion = "Xcode 9.3";
			developmentRegion = en;
			hasScannedForEncodings = 0;
			knownRegions = (
				en,
				Base,
			);
			mainGroup = 993F63652432A1D300A7966C;
			productRefGroup = 993F636F2432A1D300A7966C /* Products */;
			projectDirPath = "";
			projectRoot = "";
			targets = (
				993F636D2432A1D300A7966C /* TouchTracker */,
			);
		};
/* End PBXProject section */

/* Begin PBXResourcesBuildPhase section */
		993F636C2432A1D300A7966C /* Resources */ = {
			isa = PBXResourcesBuildPhase;
			buildActionMask = 2147483647;
			files = (
				993F637E2432A1D400A7966C /* LaunchScreen.storyboard in Resources */,
				993F637B2432A1D400A7966C /* Assets.xcassets in Resources */,
				993F63792432A1D300A7966C /* Main.storyboard in Resources */,
			);
			runOnlyForDeploymentPostprocessing = 0;
		};
/* End PBXResourcesBuildPhase section */

/* Begin PBXShellScriptBuildPhase section */
		9925D11E2441F7B700381AFD /* ShellScript */ = {
			isa = PBXShellScriptBuildPhase;
			buildActionMask = 2147483647;
			files = (
			);
			inputFileListPaths = (
			);
			inputPaths = (
			);
			outputFileListPaths = (
			);
			outputPaths = (
			);
			runOnlyForDeploymentPostprocessing = 0;
			shellPath = /bin/sh;
			shellScript = "../Tools/SwiftLint/swiftlint lint --strict --config ../Tools/SwiftLint/config.yml\n";
		};
/* End PBXShellScriptBuildPhase section */

/* Begin PBXSourcesBuildPhase section */
		993F636A2432A1D300A7966C /* Sources */ = {
			isa = PBXSourcesBuildPhase;
			buildActionMask = 2147483647;
			files = (
				9903A0B924350F86004DE58A /* Circle.swift in Sources */,
				993F63762432A1D300A7966C /* ViewController.swift in Sources */,
				995EA8A82433CF930045701C /* Helpers.swift in Sources */,
				993F638C2432A3F600A7966C /* DrawView.swift in Sources */,
				9903A0BD24352493004DE58A /* CGPoint.swift in Sources */,
				993F638A2432A32D00A7966C /* Line.swift in Sources */,
				993F63722432A1D300A7966C /* AppDelegate.swift in Sources */,
				993F63742432A1D300A7966C /* SceneDelegate.swift in Sources */,
			);
			runOnlyForDeploymentPostprocessing = 0;
		};
/* End PBXSourcesBuildPhase section */

/* Begin PBXVariantGroup section */
		993F63772432A1D300A7966C /* Main.storyboard */ = {
			isa = PBXVariantGroup;
			children = (
				993F63782432A1D300A7966C /* Base */,
			);
			name = Main.storyboard;
			sourceTree = "<group>";
		};
		993F637C2432A1D400A7966C /* LaunchScreen.storyboard */ = {
			isa = PBXVariantGroup;
			children = (
				993F637D2432A1D400A7966C /* Base */,
			);
			name = LaunchScreen.storyboard;
			sourceTree = "<group>";
		};
/* End PBXVariantGroup section */

/* Begin XCBuildConfiguration section */
		993F63802432A1D400A7966C /* Debug */ = {
			isa = XCBuildConfiguration;
			buildSettings = {
				ALWAYS_SEARCH_USER_PATHS = NO;
				CLANG_ANALYZER_NONNULL = YES;
				CLANG_ANALYZER_NUMBER_OBJECT_CONVERSION = YES_AGGRESSIVE;
				CLANG_CXX_LANGUAGE_STANDARD = "gnu++14";
				CLANG_CXX_LIBRARY = "libc++";
				CLANG_ENABLE_MODULES = YES;
				CLANG_ENABLE_OBJC_ARC = YES;
				CLANG_ENABLE_OBJC_WEAK = YES;
				CLANG_WARN_BLOCK_CAPTURE_AUTORELEASING = YES;
				CLANG_WARN_BOOL_CONVERSION = YES;
				CLANG_WARN_COMMA = YES;
				CLANG_WARN_CONSTANT_CONVERSION = YES;
				CLANG_WARN_DEPRECATED_OBJC_IMPLEMENTATIONS = YES;
				CLANG_WARN_DIRECT_OBJC_ISA_USAGE = YES_ERROR;
				CLANG_WARN_DOCUMENTATION_COMMENTS = YES;
				CLANG_WARN_EMPTY_BODY = YES;
				CLANG_WARN_ENUM_CONVERSION = YES;
				CLANG_WARN_INFINITE_RECURSION = YES;
				CLANG_WARN_INT_CONVERSION = YES;
				CLANG_WARN_NON_LITERAL_NULL_CONVERSION = YES;
				CLANG_WARN_OBJC_IMPLICIT_RETAIN_SELF = YES;
				CLANG_WARN_OBJC_LITERAL_CONVERSION = YES;
				CLANG_WARN_OBJC_ROOT_CLASS = YES_ERROR;
				CLANG_WARN_RANGE_LOOP_ANALYSIS = YES;
				CLANG_WARN_STRICT_PROTOTYPES = YES;
				CLANG_WARN_SUSPICIOUS_MOVE = YES;
				CLANG_WARN_UNGUARDED_AVAILABILITY = YES_AGGRESSIVE;
				CLANG_WARN_UNREACHABLE_CODE = YES;
				CLANG_WARN__DUPLICATE_METHOD_MATCH = YES;
				COPY_PHASE_STRIP = NO;
				DEBUG_INFORMATION_FORMAT = dwarf;
				ENABLE_STRICT_OBJC_MSGSEND = YES;
				ENABLE_TESTABILITY = YES;
				GCC_C_LANGUAGE_STANDARD = gnu11;
				GCC_DYNAMIC_NO_PIC = NO;
				GCC_NO_COMMON_BLOCKS = YES;
				GCC_OPTIMIZATION_LEVEL = 0;
				GCC_PREPROCESSOR_DEFINITIONS = (
					"DEBUG=1",
					"$(inherited)",
				);
				GCC_WARN_64_TO_32_BIT_CONVERSION = YES;
				GCC_WARN_ABOUT_RETURN_TYPE = YES_ERROR;
				GCC_WARN_UNDECLARED_SELECTOR = YES;
				GCC_WARN_UNINITIALIZED_AUTOS = YES_AGGRESSIVE;
				GCC_WARN_UNUSED_FUNCTION = YES;
				GCC_WARN_UNUSED_VARIABLE = YES;
				IPHONEOS_DEPLOYMENT_TARGET = 13.2;
				MTL_ENABLE_DEBUG_INFO = INCLUDE_SOURCE;
				MTL_FAST_MATH = YES;
				ONLY_ACTIVE_ARCH = YES;
				SDKROOT = iphoneos;
				SWIFT_ACTIVE_COMPILATION_CONDITIONS = DEBUG;
				SWIFT_OPTIMIZATION_LEVEL = "-Onone";
			};
			name = Debug;
		};
		993F63812432A1D400A7966C /* Release */ = {
			isa = XCBuildConfiguration;
			buildSettings = {
				ALWAYS_SEARCH_USER_PATHS = NO;
				CLANG_ANALYZER_NONNULL = YES;
				CLANG_ANALYZER_NUMBER_OBJECT_CONVERSION = YES_AGGRESSIVE;
				CLANG_CXX_LANGUAGE_STANDARD = "gnu++14";
				CLANG_CXX_LIBRARY = "libc++";
				CLANG_ENABLE_MODULES = YES;
				CLANG_ENABLE_OBJC_ARC = YES;
				CLANG_ENABLE_OBJC_WEAK = YES;
				CLANG_WARN_BLOCK_CAPTURE_AUTORELEASING = YES;
				CLANG_WARN_BOOL_CONVERSION = YES;
				CLANG_WARN_COMMA = YES;
				CLANG_WARN_CONSTANT_CONVERSION = YES;
				CLANG_WARN_DEPRECATED_OBJC_IMPLEMENTATIONS = YES;
				CLANG_WARN_DIRECT_OBJC_ISA_USAGE = YES_ERROR;
				CLANG_WARN_DOCUMENTATION_COMMENTS = YES;
				CLANG_WARN_EMPTY_BODY = YES;
				CLANG_WARN_ENUM_CONVERSION = YES;
				CLANG_WARN_INFINITE_RECURSION = YES;
				CLANG_WARN_INT_CONVERSION = YES;
				CLANG_WARN_NON_LITERAL_NULL_CONVERSION = YES;
				CLANG_WARN_OBJC_IMPLICIT_RETAIN_SELF = YES;
				CLANG_WARN_OBJC_LITERAL_CONVERSION = YES;
				CLANG_WARN_OBJC_ROOT_CLASS = YES_ERROR;
				CLANG_WARN_RANGE_LOOP_ANALYSIS = YES;
				CLANG_WARN_STRICT_PROTOTYPES = YES;
				CLANG_WARN_SUSPICIOUS_MOVE = YES;
				CLANG_WARN_UNGUARDED_AVAILABILITY = YES_AGGRESSIVE;
				CLANG_WARN_UNREACHABLE_CODE = YES;
				CLANG_WARN__DUPLICATE_METHOD_MATCH = YES;
				COPY_PHASE_STRIP = NO;
				DEBUG_INFORMATION_FORMAT = "dwarf-with-dsym";
				ENABLE_NS_ASSERTIONS = NO;
				ENABLE_STRICT_OBJC_MSGSEND = YES;
				GCC_C_LANGUAGE_STANDARD = gnu11;
				GCC_NO_COMMON_BLOCKS = YES;
				GCC_WARN_64_TO_32_BIT_CONVERSION = YES;
				GCC_WARN_ABOUT_RETURN_TYPE = YES_ERROR;
				GCC_WARN_UNDECLARED_SELECTOR = YES;
				GCC_WARN_UNINITIALIZED_AUTOS = YES_AGGRESSIVE;
				GCC_WARN_UNUSED_FUNCTION = YES;
				GCC_WARN_UNUSED_VARIABLE = YES;
				IPHONEOS_DEPLOYMENT_TARGET = 13.2;
				MTL_ENABLE_DEBUG_INFO = NO;
				MTL_FAST_MATH = YES;
				SDKROOT = iphoneos;
				SWIFT_COMPILATION_MODE = wholemodule;
				SWIFT_OPTIMIZATION_LEVEL = "-O";
				VALIDATE_PRODUCT = YES;
			};
			name = Release;
		};
		993F63832432A1D400A7966C /* Debug */ = {
			isa = XCBuildConfiguration;
			buildSettings = {
				ASSETCATALOG_COMPILER_APPICON_NAME = AppIcon;
				CODE_SIGN_STYLE = Automatic;
				DEVELOPMENT_TEAM = ZPNFSD9RWC;
				INFOPLIST_FILE = TouchTracker/Resources/Info.plist;
				LD_RUNPATH_SEARCH_PATHS = (
					"$(inherited)",
					"@executable_path/Frameworks",
				);
				PRODUCT_BUNDLE_IDENTIFIER = vstarasevich.TouchTracker;
				PRODUCT_NAME = "$(TARGET_NAME)";
				SWIFT_VERSION = 5.0;
				TARGETED_DEVICE_FAMILY = "1,2";
			};
			name = Debug;
		};
		993F63842432A1D400A7966C /* Release */ = {
			isa = XCBuildConfiguration;
			buildSettings = {
				ASSETCATALOG_COMPILER_APPICON_NAME = AppIcon;
				CODE_SIGN_STYLE = Automatic;
				DEVELOPMENT_TEAM = ZPNFSD9RWC;
				INFOPLIST_FILE = TouchTracker/Resources/Info.plist;
				LD_RUNPATH_SEARCH_PATHS = (
					"$(inherited)",
					"@executable_path/Frameworks",
				);
				PRODUCT_BUNDLE_IDENTIFIER = vstarasevich.TouchTracker;
				PRODUCT_NAME = "$(TARGET_NAME)";
				SWIFT_VERSION = 5.0;
				TARGETED_DEVICE_FAMILY = "1,2";
			};
			name = Release;
		};
/* End XCBuildConfiguration section */

/* Begin XCConfigurationList section */
		993F63692432A1D300A7966C /* Build configuration list for PBXProject "TouchTracker" */ = {
			isa = XCConfigurationList;
			buildConfigurations = (
				993F63802432A1D400A7966C /* Debug */,
				993F63812432A1D400A7966C /* Release */,
			);
			defaultConfigurationIsVisible = 0;
			defaultConfigurationName = Release;
		};
		993F63822432A1D400A7966C /* Build configuration list for PBXNativeTarget "TouchTracker" */ = {
			isa = XCConfigurationList;
			buildConfigurations = (
				993F63832432A1D400A7966C /* Debug */,
				993F63842432A1D400A7966C /* Release */,
			);
			defaultConfigurationIsVisible = 0;
			defaultConfigurationName = Release;
		};
/* End XCConfigurationList section */
	};
	rootObject = 993F63662432A1D300A7966C /* Project object */;
}
